
Microsoft Visual Studio Solution File, Format Version 12.00
# Visual Studio Version 16
VisualStudioVersion = 16.0.30406.217
MinimumVisualStudioVersion = 10.0.40219.1
Project("{FAE04EC0-301F-11D3-BF4B-00C04F79EFBC}") = "App1.Web", "App1.Web\App1.Web.csproj", "{DDFE2AEC-4AE9-4508-9754-43F94A40DC9A}"
EndProject
Global
	GlobalSection(SolutionConfigurationPlatforms) = preSolution
		Debug|Any CPU = Debug|Any CPU
		Release|Any CPU = Release|Any CPU
	EndGlobalSection
	GlobalSection(ProjectConfigurationPlatforms) = postSolution
		{DDFE2AEC-4AE9-4508-9754-43F94A40DC9A}.Debug|Any CPU.ActiveCfg = Debug|Any CPU
		{DDFE2AEC-4AE9-4508-9754-43F94A40DC9A}.Debug|Any CPU.Build.0 = Debug|Any CPU
		{DDFE2AEC-4AE9-4508-9754-43F94A40DC9A}.Release|Any CPU.ActiveCfg = Release|Any CPU
		{DDFE2AEC-4AE9-4508-9754-43F94A40DC9A}.Release|Any CPU.Build.0 = Release|Any CPU
	EndGlobalSection
	GlobalSection(SolutionProperties) = preSolution
		HideSolutionNode = FALSE
	EndGlobalSection
	GlobalSection(ExtensibilityGlobals) = postSolution
		SolutionGuid = {F143390F-1A7F-4150-9C3D-4ABDDA47F661}
	EndGlobalSection
EndGlobal
